{
    "version": 3,
    "terraform_version": "0.7.4",
    "serial": 7,
    "lineage": "b308162f-d960-416c-9684-a5d64b6575e9",
    "modules": [
        {
            "path": [
                "root"
            ],
            "outputs": {},
            "resources": {
                "aws_db_instance.main_database": {
                    "type": "aws_db_instance",
                    "depends_on": [
                        "aws_security_group.db-vpn-sg"
                    ],
                    "primary": {
                        "id": "test-instance",
                        "attributes": {
                            "address": "test-instance.c9q5ddpazcrq.sa-east-1.rds.amazonaws.com",
                            "allocated_storage": "5",
                            "arn": "arn:aws:rds:sa-east-1:347023968887:db:test-instance",
                            "auto_minor_version_upgrade": "true",
                            "availability_zone": "sa-east-1a",
                            "backup_retention_period": "7",
                            "backup_window": "01:33-02:03",
                            "copy_tags_to_snapshot": "false",
                            "db_subnet_group_name": "default",
                            "endpoint": "test-instance.c9q5ddpazcrq.sa-east-1.rds.amazonaws.com:3306",
                            "engine": "mysql",
                            "engine_version": "5.6.27",
                            "id": "test-instance",
                            "identifier": "test-instance",
                            "instance_class": "db.t2.medium",
                            "iops": "0",
                            "kms_key_id": "",
                            "license_model": "general-public-license",
                            "maintenance_window": "wed:04:43-wed:05:13",
                            "monitoring_interval": "0",
                            "multi_az": "true",
                            "name": "loans",
                            "option_group_name": "default:mysql-5-6",
                            "parameter_group_name": "default.mysql5.6",
                            "password": "7mimosafoliA12!",
                            "port": "3306",
                            "publicly_accessible": "true",
                            "replicas.#": "0",
                            "replicate_source_db": "",
                            "security_group_names.#": "0",
                            "skip_final_snapshot": "true",
                            "status": "available",
                            "storage_encrypted": "false",
                            "storage_type": "gp2",
                            "tags.%": "0",
                            "username": "sam",
                            "vpc_security_group_ids.#": "1",
                            "vpc_security_group_ids.1287487292": "sg-3f8dcd5b"
                        },
                        "meta": {},
                        "tainted": false
                    },
                    "deposed": [],
                    "provider": ""
                },
                "aws_security_group.db-vpn-sg": {
                    "type": "aws_security_group",
                    "depends_on": [],
                    "primary": {
                        "id": "sg-3f8dcd5b",
                        "attributes": {
                            "description": "Restricted inbound traffic",
                            "egress.#": "1",
                            "egress.482069346.cidr_blocks.#": "1",
                            "egress.482069346.cidr_blocks.0": "0.0.0.0/0",
                            "egress.482069346.from_port": "0",
                            "egress.482069346.prefix_list_ids.#": "0",
                            "egress.482069346.protocol": "-1",
                            "egress.482069346.security_groups.#": "0",
                            "egress.482069346.self": "false",
                            "egress.482069346.to_port": "0",
                            "id": "sg-3f8dcd5b",
                            "ingress.#": "1",
                            "ingress.541692258.cidr_blocks.#": "1",
                            "ingress.541692258.cidr_blocks.0": "172.31.0.0/16",
                            "ingress.541692258.from_port": "3306",
                            "ingress.541692258.protocol": "tcp",
                            "ingress.541692258.security_groups.#": "0",
                            "ingress.541692258.self": "false",
                            "ingress.541692258.to_port": "3306",
                            "name": "db-vpn-sg",
                            "owner_id": "347023968887",
                            "tags.%": "0",
                            "vpc_id": "vpc-5dcdad35"
                        },
                        "meta": {},
                        "tainted": false
                    },
                    "deposed": [],
                    "provider": ""
                }
            },
            "depends_on": []
        }
    ]
}
