{
    "version": 3,
    "terraform_version": "0.7.4",
    "serial": 10,
    "lineage": "ce0849fa-258e-4f0e-b77d-2d31b42bd674",
    "modules": [
        {
            "path": [
                "root"
            ],
            "outputs": {},
            "resources": {
                "aws_security_group.db-vpn-sg": {
                    "type": "aws_security_group",
                    "depends_on": [],
                    "primary": {
                        "id": "sg-9ba3ecff",
                        "attributes": {
                            "description": "Restricted inbound traffic",
                            "egress.#": "1",
                            "egress.482069346.cidr_blocks.#": "1",
                            "egress.482069346.cidr_blocks.0": "0.0.0.0/0",
                            "egress.482069346.from_port": "0",
                            "egress.482069346.prefix_list_ids.#": "0",
                            "egress.482069346.protocol": "-1",
                            "egress.482069346.security_groups.#": "0",
                            "egress.482069346.self": "false",
                            "egress.482069346.to_port": "0",
                            "id": "sg-9ba3ecff",
                            "ingress.#": "1",
                            "ingress.4174348635.cidr_blocks.#": "5",
                            "ingress.4174348635.cidr_blocks.0": "172.28.0.0/16",
                            "ingress.4174348635.cidr_blocks.1": "172.29.0.0/16",
                            "ingress.4174348635.cidr_blocks.2": "172.30.0.0/16",
                            "ingress.4174348635.cidr_blocks.3": "172.31.0.0/16",
                            "ingress.4174348635.cidr_blocks.4": "172.32.0.0/16",
                            "ingress.4174348635.from_port": "3306",
                            "ingress.4174348635.protocol": "tcp",
                            "ingress.4174348635.security_groups.#": "0",
                            "ingress.4174348635.self": "false",
                            "ingress.4174348635.to_port": "3306",
                            "name": "db-vpn-sg",
                            "owner_id": "347023968887",
                            "tags.%": "0",
                            "vpc_id": "vpc-5dcdad35"
                        },
                        "meta": {},
                        "tainted": false
                    },
                    "deposed": [],
                    "provider": ""
                },
                "aws_vpc.main_vpc": {
                    "type": "aws_vpc",
                    "depends_on": [],
                    "primary": {
                        "id": "vpc-9c1daaf8",
                        "attributes": {
                            "cidr_block": "172.32.0.0/16",
                            "default_network_acl_id": "acl-09c6046d",
                            "default_route_table_id": "rtb-9830fcfc",
                            "default_security_group_id": "sg-9aa3ecfe",
                            "dhcp_options_id": "dopt-56cdad3e",
                            "enable_classiclink": "false",
                            "enable_dns_hostnames": "false",
                            "enable_dns_support": "true",
                            "id": "vpc-9c1daaf8",
                            "instance_tenancy": "default",
                            "main_route_table_id": "rtb-9830fcfc",
                            "tags.%": "0"
                        },
                        "meta": {},
                        "tainted": false
                    },
                    "deposed": [],
                    "provider": ""
                }
            },
            "depends_on": []
        }
    ]
}
